// !$*UTF8*$!
{
	archiveVersion = 1;
	classes = {
	};
	objectVersion = 46;
	objects = {

/* Begin PBXBuildFile section */
		3512D92E1EBC49A900EE41A5 /* main.m in Sources */ = {isa = PBXBuildFile; fileRef = 3512D92D1EBC49A900EE41A5 /* main.m */; };
		3512D9311EBC49A900EE41A5 /* AppDelegate.m in Sources */ = {isa = PBXBuildFile; fileRef = 3512D9301EBC49A900EE41A5 /* AppDelegate.m */; };
		3512D9341EBC49A900EE41A5 /* ViewController.m in Sources */ = {isa = PBXBuildFile; fileRef = 3512D9331EBC49A900EE41A5 /* ViewController.m */; };
		3512D9371EBC49A900EE41A5 /* Main.storyboard in Resources */ = {isa = PBXBuildFile; fileRef = 3512D9351EBC49A900EE41A5 /* Main.storyboard */; };
		3512D93C1EBC49A900EE41A5 /* LaunchScreen.storyboard in Resources */ = {isa = PBXBuildFile; fileRef = 3512D93A1EBC49A900EE41A5 /* LaunchScreen.storyboard */; };
		3512D9441EBC49C800EE41A5 /* data.json in Resources */ = {isa = PBXBuildFile; fileRef = 3512D9431EBC49C800EE41A5 /* data.json */; };
		3512D94E1EBC4A8E00EE41A5 /* UITableView+FDIndexPathHeightCache.m in Sources */ = {isa = PBXBuildFile; fileRef = 3512D9471EBC4A8E00EE41A5 /* UITableView+FDIndexPathHeightCache.m */; };
		3512D94F1EBC4A8E00EE41A5 /* UITableView+FDKeyedHeightCache.m in Sources */ = {isa = PBXBuildFile; fileRef = 3512D9491EBC4A8E00EE41A5 /* UITableView+FDKeyedHeightCache.m */; };
		3512D9501EBC4A8F00EE41A5 /* UITableView+FDTemplateLayoutCell.m in Sources */ = {isa = PBXBuildFile; fileRef = 3512D94B1EBC4A8E00EE41A5 /* UITableView+FDTemplateLayoutCell.m */; };
		3512D9511EBC4A8F00EE41A5 /* UITableView+FDTemplateLayoutCellDebug.m in Sources */ = {isa = PBXBuildFile; fileRef = 3512D94D1EBC4A8E00EE41A5 /* UITableView+FDTemplateLayoutCellDebug.m */; };
		3512D9541EBC4AB300EE41A5 /* model.m in Sources */ = {isa = PBXBuildFile; fileRef = 3512D9531EBC4AB300EE41A5 /* model.m */; };
		3512D9581EBC4AD600EE41A5 /* TableViewCell.m in Sources */ = {isa = PBXBuildFile; fileRef = 3512D9561EBC4AD600EE41A5 /* TableViewCell.m */; };
		3512D9591EBC4AD600EE41A5 /* TableViewCell.xib in Resources */ = {isa = PBXBuildFile; fileRef = 3512D9571EBC4AD600EE41A5 /* TableViewCell.xib */; };
		3512D95B1EBC616900EE41A5 /* Assets.xcassets in Resources */ = {isa = PBXBuildFile; fileRef = 3512D95A1EBC616900EE41A5 /* Assets.xcassets */; };
		3512D9711EBC61A800EE41A5 /* Contents.json in Resources */ = {isa = PBXBuildFile; fileRef = 3512D95D1EBC61A800EE41A5 /* Contents.json */; };
		3512D9721EBC61A800EE41A5 /* dogebread.png in Resources */ = {isa = PBXBuildFile; fileRef = 3512D95E1EBC61A800EE41A5 /* dogebread.png */; };
		3512D9731EBC61A800EE41A5 /* Contents.json in Resources */ = {isa = PBXBuildFile; fileRef = 3512D9601EBC61A800EE41A5 /* Contents.json */; };
		3512D9741EBC61A800EE41A5 /* breaddoge@2x.png in Resources */ = {isa = PBXBuildFile; fileRef = 3512D9611EBC61A800EE41A5 /* breaddoge@2x.png */; };
		3512D9751EBC61A800EE41A5 /* Contents.json in Resources */ = {isa = PBXBuildFile; fileRef = 3512D9631EBC61A800EE41A5 /* Contents.json */; };
		3512D9761EBC61A800EE41A5 /* forkingdog@2x.png in Resources */ = {isa = PBXBuildFile; fileRef = 3512D9641EBC61A800EE41A5 /* forkingdog@2x.png */; };
		3512D9771EBC61A800EE41A5 /* Contents.json in Resources */ = {isa = PBXBuildFile; fileRef = 3512D9661EBC61A800EE41A5 /* Contents.json */; };
		3512D9781EBC61A800EE41A5 /* phil@2x.png in Resources */ = {isa = PBXBuildFile; fileRef = 3512D9671EBC61A800EE41A5 /* phil@2x.png */; };
		3512D9791EBC61A800EE41A5 /* Contents.json in Resources */ = {isa = PBXBuildFile; fileRef = 3512D9691EBC61A800EE41A5 /* Contents.json */; };
		3512D97A1EBC61A800EE41A5 /* sark@2x.png in Resources */ = {isa = PBXBuildFile; fileRef = 3512D96A1EBC61A800EE41A5 /* sark@2x.png */; };
		3512D97B1EBC61A800EE41A5 /* Contents.json in Resources */ = {isa = PBXBuildFile; fileRef = 3512D96C1EBC61A800EE41A5 /* Contents.json */; };
		3512D97C1EBC61A800EE41A5 /* sinojerk@2x.png in Resources */ = {isa = PBXBuildFile; fileRef = 3512D96D1EBC61A800EE41A5 /* sinojerk@2x.png */; };
		3512D97D1EBC61A800EE41A5 /* Contents.json in Resources */ = {isa = PBXBuildFile; fileRef = 3512D96F1EBC61A800EE41A5 /* Contents.json */; };
		3512D97E1EBC61A800EE41A5 /* sunnyxx@2x.png in Resources */ = {isa = PBXBuildFile; fileRef = 3512D9701EBC61A800EE41A5 /* sunnyxx@2x.png */; };
/* End PBXBuildFile section */

/* Begin PBXFileReference section */
		3512D9291EBC49A900EE41A5 /* UITableView-FDTemplateLayout.app */ = {isa = PBXFileReference; explicitFileType = wrapper.application; includeInIndex = 0; path = "UITableView-FDTemplateLayout.app"; sourceTree = BUILT_PRODUCTS_DIR; };
		3512D92D1EBC49A900EE41A5 /* main.m */ = {isa = PBXFileReference; lastKnownFileType = sourcecode.c.objc; path = main.m; sourceTree = "<group>"; };
		3512D92F1EBC49A900EE41A5 /* AppDelegate.h */ = {isa = PBXFileReference; lastKnownFileType = sourcecode.c.h; path = AppDelegate.h; sourceTree = "<group>"; };
		3512D9301EBC49A900EE41A5 /* AppDelegate.m */ = {isa = PBXFileReference; lastKnownFileType = sourcecode.c.objc; path = AppDelegate.m; sourceTree = "<group>"; };
		3512D9321EBC49A900EE41A5 /* ViewController.h */ = {isa = PBXFileReference; lastKnownFileType = sourcecode.c.h; path = ViewController.h; sourceTree = "<group>"; };
		3512D9331EBC49A900EE41A5 /* ViewController.m */ = {isa = PBXFileReference; lastKnownFileType = sourcecode.c.objc; path = ViewController.m; sourceTree = "<group>"; };
		3512D9361EBC49A900EE41A5 /* Base */ = {isa = PBXFileReference; lastKnownFileType = file.storyboard; name = Base; path = Base.lproj/Main.storyboard; sourceTree = "<group>"; };
		3512D93B1EBC49A900EE41A5 /* Base */ = {isa = PBXFileReference; lastKnownFileType = file.storyboard; name = Base; path = Base.lproj/LaunchScreen.storyboard; sourceTree = "<group>"; };
		3512D93D1EBC49A900EE41A5 /* Info.plist */ = {isa = PBXFileReference; lastKnownFileType = text.plist.xml; path = Info.plist; sourceTree = "<group>"; };
		3512D9431EBC49C800EE41A5 /* data.json */ = {isa = PBXFileReference; fileEncoding = 4; lastKnownFileType = text.json; path = data.json; sourceTree = "<group>"; };
		3512D9461EBC4A8E00EE41A5 /* UITableView+FDIndexPathHeightCache.h */ = {isa = PBXFileReference; fileEncoding = 4; lastKnownFileType = sourcecode.c.h; path = "UITableView+FDIndexPathHeightCache.h"; sourceTree = "<group>"; };
		3512D9471EBC4A8E00EE41A5 /* UITableView+FDIndexPathHeightCache.m */ = {isa = PBXFileReference; fileEncoding = 4; lastKnownFileType = sourcecode.c.objc; path = "UITableView+FDIndexPathHeightCache.m"; sourceTree = "<group>"; };
		3512D9481EBC4A8E00EE41A5 /* UITableView+FDKeyedHeightCache.h */ = {isa = PBXFileReference; fileEncoding = 4; lastKnownFileType = sourcecode.c.h; path = "UITableView+FDKeyedHeightCache.h"; sourceTree = "<group>"; };
		3512D9491EBC4A8E00EE41A5 /* UITableView+FDKeyedHeightCache.m */ = {isa = PBXFileReference; fileEncoding = 4; lastKnownFileType = sourcecode.c.objc; path = "UITableView+FDKeyedHeightCache.m"; sourceTree = "<group>"; };
		3512D94A1EBC4A8E00EE41A5 /* UITableView+FDTemplateLayoutCell.h */ = {isa = PBXFileReference; fileEncoding = 4; lastKnownFileType = sourcecode.c.h; path = "UITableView+FDTemplateLayoutCell.h"; sourceTree = "<group>"; };
		3512D94B1EBC4A8E00EE41A5 /* UITableView+FDTemplateLayoutCell.m */ = {isa = PBXFileReference; fileEncoding = 4; lastKnownFileType = sourcecode.c.objc; path = "UITableView+FDTemplateLayoutCell.m"; sourceTree = "<group>"; };
		3512D94C1EBC4A8E00EE41A5 /* UITableView+FDTemplateLayoutCellDebug.h */ = {isa = PBXFileReference; fileEncoding = 4; lastKnownFileType = sourcecode.c.h; path = "UITableView+FDTemplateLayoutCellDebug.h"; sourceTree = "<group>"; };
		3512D94D1EBC4A8E00EE41A5 /* UITableView+FDTemplateLayoutCellDebug.m */ = {isa = PBXFileReference; fileEncoding = 4; lastKnownFileType = sourcecode.c.objc; path = "UITableView+FDTemplateLayoutCellDebug.m"; sourceTree = "<group>"; };
		3512D9521EBC4AB300EE41A5 /* model.h */ = {isa = PBXFileReference; fileEncoding = 4; lastKnownFileType = sourcecode.c.h; path = model.h; sourceTree = "<group>"; };
		3512D9531EBC4AB300EE41A5 /* model.m */ = {isa = PBXFileReference; fileEncoding = 4; lastKnownFileType = sourcecode.c.objc; path = model.m; sourceTree = "<group>"; };
		3512D9551EBC4AD600EE41A5 /* TableViewCell.h */ = {isa = PBXFileReference; fileEncoding = 4; lastKnownFileType = sourcecode.c.h; path = TableViewCell.h; sourceTree = "<group>"; };
		3512D9561EBC4AD600EE41A5 /* TableViewCell.m */ = {isa = PBXFileReference; fileEncoding = 4; lastKnownFileType = sourcecode.c.objc; path = TableViewCell.m; sourceTree = "<group>"; };
		3512D9571EBC4AD600EE41A5 /* TableViewCell.xib */ = {isa = PBXFileReference; fileEncoding = 4; lastKnownFileType = file.xib; path = TableViewCell.xib; sourceTree = "<group>"; };
		3512D95A1EBC616900EE41A5 /* Assets.xcassets */ = {isa = PBXFileReference; lastKnownFileType = folder.assetcatalog; path = Assets.xcassets; sourceTree = "<group>"; };
		3512D95D1EBC61A800EE41A5 /* Contents.json */ = {isa = PBXFileReference; fileEncoding = 4; lastKnownFileType = text.json; path = Contents.json; sourceTree = "<group>"; };
		3512D95E1EBC61A800EE41A5 /* dogebread.png */ = {isa = PBXFileReference; lastKnownFileType = image.png; path = dogebread.png; sourceTree = "<group>"; };
		3512D9601EBC61A800EE41A5 /* Contents.json */ = {isa = PBXFileReference; fileEncoding = 4; lastKnownFileType = text.json; path = Contents.json; sourceTree = "<group>"; };
		3512D9611EBC61A800EE41A5 /* breaddoge@2x.png */ = {isa = PBXFileReference; lastKnownFileType = image.png; path = "breaddoge@2x.png"; sourceTree = "<group>"; };
		3512D9631EBC61A800EE41A5 /* Contents.json */ = {isa = PBXFileReference; fileEncoding = 4; lastKnownFileType = text.json; path = Contents.json; sourceTree = "<group>"; };
		3512D9641EBC61A800EE41A5 /* forkingdog@2x.png */ = {isa = PBXFileReference; lastKnownFileType = image.png; path = "forkingdog@2x.png"; sourceTree = "<group>"; };
		3512D9661EBC61A800EE41A5 /* Contents.json */ = {isa = PBXFileReference; fileEncoding = 4; lastKnownFileType = text.json; path = Contents.json; sourceTree = "<group>"; };
		3512D9671EBC61A800EE41A5 /* phil@2x.png */ = {isa = PBXFileReference; lastKnownFileType = image.png; path = "phil@2x.png"; sourceTree = "<group>"; };
		3512D9691EBC61A800EE41A5 /* Contents.json */ = {isa = PBXFileReference; fileEncoding = 4; lastKnownFileType = text.json; path = Contents.json; sourceTree = "<group>"; };
		3512D96A1EBC61A800EE41A5 /* sark@2x.png */ = {isa = PBXFileReference; lastKnownFileType = image.png; path = "sark@2x.png"; sourceTree = "<group>"; };
		3512D96C1EBC61A800EE41A5 /* Contents.json */ = {isa = PBXFileReference; fileEncoding = 4; lastKnownFileType = text.json; path = Contents.json; sourceTree = "<group>"; };
		3512D96D1EBC61A800EE41A5 /* sinojerk@2x.png */ = {isa = PBXFileReference; lastKnownFileType = image.png; path = "sinojerk@2x.png"; sourceTree = "<group>"; };
		3512D96F1EBC61A800EE41A5 /* Contents.json */ = {isa = PBXFileReference; fileEncoding = 4; lastKnownFileType = text.json; path = Contents.json; sourceTree = "<group>"; };
		3512D9701EBC61A800EE41A5 /* sunnyxx@2x.png */ = {isa = PBXFileReference; lastKnownFileType = image.png; path = "sunnyxx@2x.png"; sourceTree = "<group>"; };
/* End PBXFileReference section */

/* Begin PBXFrameworksBuildPhase section */
		3512D9261EBC49A900EE41A5 /* Frameworks */ = {
			isa = PBXFrameworksBuildPhase;
			buildActionMask = 2147483647;
			files = (
			);
			runOnlyForDeploymentPostprocessing = 0;
		};
/* End PBXFrameworksBuildPhase section */

/* Begin PBXGroup section */
		3512D9201EBC49A900EE41A5 = {
			isa = PBXGroup;
			children = (
				3512D92B1EBC49A900EE41A5 /* UITableView-FDTemplateLayout */,
				3512D92A1EBC49A900EE41A5 /* Products */,
			);
			sourceTree = "<group>";
		};
		3512D92A1EBC49A900EE41A5 /* Products */ = {
			isa = PBXGroup;
			children = (
				3512D9291EBC49A900EE41A5 /* UITableView-FDTemplateLayout.app */,
			);
			name = Products;
			sourceTree = "<group>";
		};
		3512D92B1EBC49A900EE41A5 /* UITableView-FDTemplateLayout */ = {
			isa = PBXGroup;
			children = (
				3512D9451EBC4A8E00EE41A5 /* Classes */,
				3512D95C1EBC61A800EE41A5 /* breaddoge.imageset */,
				3512D95F1EBC61A800EE41A5 /* doge.imageset */,
				3512D9621EBC61A800EE41A5 /* forkingdog.imageset */,
				3512D9651EBC61A800EE41A5 /* phil.imageset */,
				3512D9681EBC61A800EE41A5 /* sark.imageset */,
				3512D96B1EBC61A800EE41A5 /* sinojerk.imageset */,
				3512D96E1EBC61A800EE41A5 /* sunnyxx.imageset */,
				3512D92F1EBC49A900EE41A5 /* AppDelegate.h */,
				3512D9301EBC49A900EE41A5 /* AppDelegate.m */,
				3512D9321EBC49A900EE41A5 /* ViewController.h */,
				3512D9331EBC49A900EE41A5 /* ViewController.m */,
				3512D9521EBC4AB300EE41A5 /* model.h */,
				3512D9531EBC4AB300EE41A5 /* model.m */,
				3512D9551EBC4AD600EE41A5 /* TableViewCell.h */,
				3512D9561EBC4AD600EE41A5 /* TableViewCell.m */,
				3512D9571EBC4AD600EE41A5 /* TableViewCell.xib */,
				3512D9351EBC49A900EE41A5 /* Main.storyboard */,
				3512D93A1EBC49A900EE41A5 /* LaunchScreen.storyboard */,
				3512D93D1EBC49A900EE41A5 /* Info.plist */,
				3512D9431EBC49C800EE41A5 /* data.json */,
				3512D95A1EBC616900EE41A5 /* Assets.xcassets */,
				3512D92C1EBC49A900EE41A5 /* Supporting Files */,
			);
			path = "UITableView-FDTemplateLayout";
			sourceTree = "<group>";
		};
		3512D92C1EBC49A900EE41A5 /* Supporting Files */ = {
			isa = PBXGroup;
			children = (
				3512D92D1EBC49A900EE41A5 /* main.m */,
			);
			name = "Supporting Files";
			sourceTree = "<group>";
		};
		3512D9451EBC4A8E00EE41A5 /* Classes */ = {
			isa = PBXGroup;
			children = (
				3512D9461EBC4A8E00EE41A5 /* UITableView+FDIndexPathHeightCache.h */,
				3512D9471EBC4A8E00EE41A5 /* UITableView+FDIndexPathHeightCache.m */,
				3512D9481EBC4A8E00EE41A5 /* UITableView+FDKeyedHeightCache.h */,
				3512D9491EBC4A8E00EE41A5 /* UITableView+FDKeyedHeightCache.m */,
				3512D94A1EBC4A8E00EE41A5 /* UITableView+FDTemplateLayoutCell.h */,
				3512D94B1EBC4A8E00EE41A5 /* UITableView+FDTemplateLayoutCell.m */,
				3512D94C1EBC4A8E00EE41A5 /* UITableView+FDTemplateLayoutCellDebug.h */,
				3512D94D1EBC4A8E00EE41A5 /* UITableView+FDTemplateLayoutCellDebug.m */,
			);
			path = Classes;
			sourceTree = "<group>";
		};
		3512D95C1EBC61A800EE41A5 /* breaddoge.imageset */ = {
			isa = PBXGroup;
			children = (
				3512D95D1EBC61A800EE41A5 /* Contents.json */,
				3512D95E1EBC61A800EE41A5 /* dogebread.png */,
			);
			path = breaddoge.imageset;
			sourceTree = "<group>";
		};
		3512D95F1EBC61A800EE41A5 /* doge.imageset */ = {
			isa = PBXGroup;
			children = (
				3512D9601EBC61A800EE41A5 /* Contents.json */,
				3512D9611EBC61A800EE41A5 /* breaddoge@2x.png */,
			);
			path = doge.imageset;
			sourceTree = "<group>";
		};
		3512D9621EBC61A800EE41A5 /* forkingdog.imageset */ = {
			isa = PBXGroup;
			children = (
				3512D9631EBC61A800EE41A5 /* Contents.json */,
				3512D9641EBC61A800EE41A5 /* forkingdog@2x.png */,
			);
			path = forkingdog.imageset;
			sourceTree = "<group>";
		};
		3512D9651EBC61A800EE41A5 /* phil.imageset */ = {
			isa = PBXGroup;
			children = (
				3512D9661EBC61A800EE41A5 /* Contents.json */,
				3512D9671EBC61A800EE41A5 /* phil@2x.png */,
			);
			path = phil.imageset;
			sourceTree = "<group>";
		};
		3512D9681EBC61A800EE41A5 /* sark.imageset */ = {
			isa = PBXGroup;
			children = (
				3512D9691EBC61A800EE41A5 /* Contents.json */,
				3512D96A1EBC61A800EE41A5 /* sark@2x.png */,
			);
			path = sark.imageset;
			sourceTree = "<group>";
		};
		3512D96B1EBC61A800EE41A5 /* sinojerk.imageset */ = {
			isa = PBXGroup;
			children = (
				3512D96C1EBC61A800EE41A5 /* Contents.json */,
				3512D96D1EBC61A800EE41A5 /* sinojerk@2x.png */,
			);
			path = sinojerk.imageset;
			sourceTree = "<group>";
		};
		3512D96E1EBC61A800EE41A5 /* sunnyxx.imageset */ = {
			isa = PBXGroup;
			children = (
				3512D96F1EBC61A800EE41A5 /* Contents.json */,
				3512D9701EBC61A800EE41A5 /* sunnyxx@2x.png */,
			);
			path = sunnyxx.imageset;
			sourceTree = "<group>";
		};
/* End PBXGroup section */

/* Begin PBXNativeTarget section */
		3512D9281EBC49A900EE41A5 /* UITableView-FDTemplateLayout */ = {
			isa = PBXNativeTarget;
			buildConfigurationList = 3512D9401EBC49A900EE41A5 /* Build configuration list for PBXNativeTarget "UITableView-FDTemplateLayout" */;
			buildPhases = (
				3512D9251EBC49A900EE41A5 /* Sources */,
				3512D9261EBC49A900EE41A5 /* Frameworks */,
				3512D9271EBC49A900EE41A5 /* Resources */,
			);
			buildRules = (
			);
			dependencies = (
			);
			name = "UITableView-FDTemplateLayout";
			productName = "UITableView-FDTemplateLayout";
			productReference = 3512D9291EBC49A900EE41A5 /* UITableView-FDTemplateLayout.app */;
			productType = "com.apple.product-type.application";
		};
/* End PBXNativeTarget section */

/* Begin PBXProject section */
		3512D9211EBC49A900EE41A5 /* Project object */ = {
			isa = PBXProject;
			attributes = {
				LastUpgradeCheck = 0820;
				ORGANIZATIONNAME = "陈诚";
				TargetAttributes = {
					3512D9281EBC49A900EE41A5 = {
						CreatedOnToolsVersion = 8.2.1;
						ProvisioningStyle = Automatic;
					};
				};
			};
			buildConfigurationList = 3512D9241EBC49A900EE41A5 /* Build configuration list for PBXProject "UITableView-FDTemplateLayout" */;
			compatibilityVersion = "Xcode 3.2";
			developmentRegion = English;
			hasScannedForEncodings = 0;
			knownRegions = (
				en,
				Base,
			);
			mainGroup = 3512D9201EBC49A900EE41A5;
			productRefGroup = 3512D92A1EBC49A900EE41A5 /* Products */;
			projectDirPath = "";
			projectRoot = "";
			targets = (
				3512D9281EBC49A900EE41A5 /* UITableView-FDTemplateLayout */,
			);
		};
/* End PBXProject section */

/* Begin PBXResourcesBuildPhase section */
		3512D9271EBC49A900EE41A5 /* Resources */ = {
			isa = PBXResourcesBuildPhase;
			buildActionMask = 2147483647;
			files = (
				3512D93C1EBC49A900EE41A5 /* LaunchScreen.storyboard in Resources */,
				3512D9591EBC4AD600EE41A5 /* TableViewCell.xib in Resources */,
				3512D9371EBC49A900EE41A5 /* Main.storyboard in Resources */,
				3512D97B1EBC61A800EE41A5 /* Contents.json in Resources */,
				3512D9761EBC61A800EE41A5 /* forkingdog@2x.png in Resources */,
				3512D97E1EBC61A800EE41A5 /* sunnyxx@2x.png in Resources */,
				3512D9731EBC61A800EE41A5 /* Contents.json in Resources */,
				3512D9441EBC49C800EE41A5 /* data.json in Resources */,
				3512D9751EBC61A800EE41A5 /* Contents.json in Resources */,
				3512D9721EBC61A800EE41A5 /* dogebread.png in Resources */,
				3512D97A1EBC61A800EE41A5 /* sark@2x.png in Resources */,
				3512D95B1EBC616900EE41A5 /* Assets.xcassets in Resources */,
				3512D97D1EBC61A800EE41A5 /* Contents.json in Resources */,
				3512D9711EBC61A800EE41A5 /* Contents.json in Resources */,
				3512D9781EBC61A800EE41A5 /* phil@2x.png in Resources */,
				3512D97C1EBC61A800EE41A5 /* sinojerk@2x.png in Resources */,
				3512D9741EBC61A800EE41A5 /* breaddoge@2x.png in Resources */,
				3512D9771EBC61A800EE41A5 /* Contents.json in Resources */,
				3512D9791EBC61A800EE41A5 /* Contents.json in Resources */,
			);
			runOnlyForDeploymentPostprocessing = 0;
		};
/* End PBXResourcesBuildPhase section */

/* Begin PBXSourcesBuildPhase section */
		3512D9251EBC49A900EE41A5 /* Sources */ = {
			isa = PBXSourcesBuildPhase;
			buildActionMask = 2147483647;
			files = (
				3512D9341EBC49A900EE41A5 /* ViewController.m in Sources */,
				3512D9511EBC4A8F00EE41A5 /* UITableView+FDTemplateLayoutCellDebug.m in Sources */,
				3512D9311EBC49A900EE41A5 /* AppDelegate.m in Sources */,
				3512D9541EBC4AB300EE41A5 /* model.m in Sources */,
				3512D9581EBC4AD600EE41A5 /* TableViewCell.m in Sources */,
				3512D92E1EBC49A900EE41A5 /* main.m in Sources */,
				3512D9501EBC4A8F00EE41A5 /* UITableView+FDTemplateLayoutCell.m in Sources */,
				3512D94E1EBC4A8E00EE41A5 /* UITableView+FDIndexPathHeightCache.m in Sources */,
				3512D94F1EBC4A8E00EE41A5 /* UITableView+FDKeyedHeightCache.m in Sources */,
			);
			runOnlyForDeploymentPostprocessing = 0;
		};
/* End PBXSourcesBuildPhase section */

/* Begin PBXVariantGroup section */
		3512D9351EBC49A900EE41A5 /* Main.storyboard */ = {
			isa = PBXVariantGroup;
			children = (
				3512D9361EBC49A900EE41A5 /* Base */,
			);
			name = Main.storyboard;
			sourceTree = "<group>";
		};
		3512D93A1EBC49A900EE41A5 /* LaunchScreen.storyboard */ = {
			isa = PBXVariantGroup;
			children = (
				3512D93B1EBC49A900EE41A5 /* Base */,
			);
			name = LaunchScreen.storyboard;
			sourceTree = "<group>";
		};
/* End PBXVariantGroup section */

/* Begin XCBuildConfiguration section */
		3512D93E1EBC49A900EE41A5 /* Debug */ = {
			isa = XCBuildConfiguration;
			buildSettings = {
				ALWAYS_SEARCH_USER_PATHS = NO;
				CLANG_ANALYZER_NONNULL = YES;
				CLANG_CXX_LANGUAGE_STANDARD = "gnu++0x";
				CLANG_CXX_LIBRARY = "libc++";
				CLANG_ENABLE_MODULES = YES;
				CLANG_ENABLE_OBJC_ARC = YES;
				CLANG_WARN_BOOL_CONVERSION = YES;
				CLANG_WARN_CONSTANT_CONVERSION = YES;
				CLANG_WARN_DIRECT_OBJC_ISA_USAGE = YES_ERROR;
				CLANG_WARN_DOCUMENTATION_COMMENTS = YES;
				CLANG_WARN_EMPTY_BODY = YES;
				CLANG_WARN_ENUM_CONVERSION = YES;
				CLANG_WARN_INFINITE_RECURSION = YES;
				CLANG_WARN_INT_CONVERSION = YES;
				CLANG_WARN_OBJC_ROOT_CLASS = YES_ERROR;
				CLANG_WARN_SUSPICIOUS_MOVE = YES;
				CLANG_WARN_UNREACHABLE_CODE = YES;
				CLANG_WARN__DUPLICATE_METHOD_MATCH = YES;
				"CODE_SIGN_IDENTITY[sdk=iphoneos*]" = "iPhone Developer";
				COPY_PHASE_STRIP = NO;
				DEBUG_INFORMATION_FORMAT = dwarf;
				ENABLE_STRICT_OBJC_MSGSEND = YES;
				ENABLE_TESTABILITY = YES;
				GCC_C_LANGUAGE_STANDARD = gnu99;
				GCC_DYNAMIC_NO_PIC = NO;
				GCC_NO_COMMON_BLOCKS = YES;
				GCC_OPTIMIZATION_LEVEL = 0;
				GCC_PREPROCESSOR_DEFINITIONS = (
					"DEBUG=1",
					"$(inherited)",
				);
				GCC_WARN_64_TO_32_BIT_CONVERSION = YES;
				GCC_WARN_ABOUT_RETURN_TYPE = YES_ERROR;
				GCC_WARN_UNDECLARED_SELECTOR = YES;
				GCC_WARN_UNINITIALIZED_AUTOS = YES_AGGRESSIVE;
				GCC_WARN_UNUSED_FUNCTION = YES;
				GCC_WARN_UNUSED_VARIABLE = YES;
				IPHONEOS_DEPLOYMENT_TARGET = 10.2;
				MTL_ENABLE_DEBUG_INFO = YES;
				ONLY_ACTIVE_ARCH = YES;
				SDKROOT = iphoneos;
			};
			name = Debug;
		};
		3512D93F1EBC49A900EE41A5 /* Release */ = {
			isa = XCBuildConfiguration;
			buildSettings = {
				ALWAYS_SEARCH_USER_PATHS = NO;
				CLANG_ANALYZER_NONNULL = YES;
				CLANG_CXX_LANGUAGE_STANDARD = "gnu++0x";
				CLANG_CXX_LIBRARY = "libc++";
				CLANG_ENABLE_MODULES = YES;
				CLANG_ENABLE_OBJC_ARC = YES;
				CLANG_WARN_BOOL_CONVERSION = YES;
				CLANG_WARN_CONSTANT_CONVERSION = YES;
				CLANG_WARN_DIRECT_OBJC_ISA_USAGE = YES_ERROR;
				CLANG_WARN_DOCUMENTATION_COMMENTS = YES;
				CLANG_WARN_EMPTY_BODY = YES;
				CLANG_WARN_ENUM_CONVERSION = YES;
				CLANG_WARN_INFINITE_RECURSION = YES;
				CLANG_WARN_INT_CONVERSION = YES;
				CLANG_WARN_OBJC_ROOT_CLASS = YES_ERROR;
				CLANG_WARN_SUSPICIOUS_MOVE = YES;
				CLANG_WARN_UNREACHABLE_CODE = YES;
				CLANG_WARN__DUPLICATE_METHOD_MATCH = YES;
				"CODE_SIGN_IDENTITY[sdk=iphoneos*]" = "iPhone Developer";
				COPY_PHASE_STRIP = NO;
				DEBUG_INFORMATION_FORMAT = "dwarf-with-dsym";
				ENABLE_NS_ASSERTIONS = NO;
				ENABLE_STRICT_OBJC_MSGSEND = YES;
				GCC_C_LANGUAGE_STANDARD = gnu99;
				GCC_NO_COMMON_BLOCKS = YES;
				GCC_WARN_64_TO_32_BIT_CONVERSION = YES;
				GCC_WARN_ABOUT_RETURN_TYPE = YES_ERROR;
				GCC_WARN_UNDECLARED_SELECTOR = YES;
				GCC_WARN_UNINITIALIZED_AUTOS = YES_AGGRESSIVE;
				GCC_WARN_UNUSED_FUNCTION = YES;
				GCC_WARN_UNUSED_VARIABLE = YES;
				IPHONEOS_DEPLOYMENT_TARGET = 10.2;
				MTL_ENABLE_DEBUG_INFO = NO;
				SDKROOT = iphoneos;
				VALIDATE_PRODUCT = YES;
			};
			name = Release;
		};
		3512D9411EBC49A900EE41A5 /* Debug */ = {
			isa = XCBuildConfiguration;
			buildSettings = {
				ASSETCATALOG_COMPILER_APPICON_NAME = AppIcon;
				INFOPLIST_FILE = "UITableView-FDTemplateLayout/Info.plist";
				LD_RUNPATH_SEARCH_PATHS = "$(inherited) @executable_path/Frameworks";
				PRODUCT_BUNDLE_IDENTIFIER = "com.cc.UITableView-FDTemplateLayout";
				PRODUCT_NAME = "$(TARGET_NAME)";
			};
			name = Debug;
		};
		3512D9421EBC49A900EE41A5 /* Release */ = {
			isa = XCBuildConfiguration;
			buildSettings = {
				ASSETCATALOG_COMPILER_APPICON_NAME = AppIcon;
				INFOPLIST_FILE = "UITableView-FDTemplateLayout/Info.plist";
				LD_RUNPATH_SEARCH_PATHS = "$(inherited) @executable_path/Frameworks";
				PRODUCT_BUNDLE_IDENTIFIER = "com.cc.UITableView-FDTemplateLayout";
				PRODUCT_NAME = "$(TARGET_NAME)";
			};
			name = Release;
		};
/* End XCBuildConfiguration section */

/* Begin XCConfigurationList section */
		3512D9241EBC49A900EE41A5 /* Build configuration list for PBXProject "UITableView-FDTemplateLayout" */ = {
			isa = XCConfigurationList;
			buildConfigurations = (
				3512D93E1EBC49A900EE41A5 /* Debug */,
				3512D93F1EBC49A900EE41A5 /* Release */,
			);
			defaultConfigurationIsVisible = 0;
			defaultConfigurationName = Release;
		};
		3512D9401EBC49A900EE41A5 /* Build configuration list for PBXNativeTarget "UITableView-FDTemplateLayout" */ = {
			isa = XCConfigurationList;
			buildConfigurations = (
				3512D9411EBC49A900EE41A5 /* Debug */,
				3512D9421EBC49A900EE41A5 /* Release */,
			);
			defaultConfigurationIsVisible = 0;
		};
/* End XCConfigurationList section */
	};
	rootObject = 3512D9211EBC49A900EE41A5 /* Project object */;
}
